Microsoft Visual Studio Solution File, Format Version 12.00
# Visual Studio 2012
Project("{FAE04EC0-301F-11D3-BF4B-00C04F79EFBC}") = "First2DGame Tutorial", "First2DGame Tutorial.csproj", "{47478620-DF1D-4C00-8AA8-27D9B529DD5B}"
EndProject
Global
	GlobalSection(SolutionConfigurationPlatforms) = preSolution
	Debug|Any CPU = Debug|Any CPU
	ExportDebug|Any CPU = ExportDebug|Any CPU
	ExportRelease|Any CPU = ExportRelease|Any CPU
	EndGlobalSection
	GlobalSection(ProjectConfigurationPlatforms) = postSolution
		{47478620-DF1D-4C00-8AA8-27D9B529DD5B}.Debug|Any CPU.ActiveCfg = Debug|Any CPU
		{47478620-DF1D-4C00-8AA8-27D9B529DD5B}.Debug|Any CPU.Build.0 = Debug|Any CPU
		{47478620-DF1D-4C00-8AA8-27D9B529DD5B}.ExportDebug|Any CPU.ActiveCfg = ExportDebug|Any CPU
		{47478620-DF1D-4C00-8AA8-27D9B529DD5B}.ExportDebug|Any CPU.Build.0 = ExportDebug|Any CPU
		{47478620-DF1D-4C00-8AA8-27D9B529DD5B}.ExportRelease|Any CPU.ActiveCfg = ExportRelease|Any CPU
		{47478620-DF1D-4C00-8AA8-27D9B529DD5B}.ExportRelease|Any CPU.Build.0 = ExportRelease|Any CPU
	EndGlobalSection
EndGlobal
